// !$*UTF8*$!
{
	archiveVersion = 1;
	classes = {
	};
	objectVersion = 46;
	objects = {

/* Begin PBXBuildFile section */
		EAA4114A1BD89C4000951F22 /* AppDelegate.swift in Sources */ = {isa = PBXBuildFile; fileRef = EAA411491BD89C4000951F22 /* AppDelegate.swift */; };
		EAA4114C1BD89C4000951F22 /* ViewController.swift in Sources */ = {isa = PBXBuildFile; fileRef = EAA4114B1BD89C4000951F22 /* ViewController.swift */; };
		EAA4114F1BD89C4000951F22 /* Main.storyboard in Resources */ = {isa = PBXBuildFile; fileRef = EAA4114D1BD89C4000951F22 /* Main.storyboard */; };
		EAA411511BD89C4000951F22 /* Assets.xcassets in Resources */ = {isa = PBXBuildFile; fileRef = EAA411501BD89C4000951F22 /* Assets.xcassets */; };
		EAA411541BD89C4000951F22 /* LaunchScreen.storyboard in Resources */ = {isa = PBXBuildFile; fileRef = EAA411521BD89C4000951F22 /* LaunchScreen.storyboard */; };
		EAA4115F1BD89C4000951F22 /* SimpleCalc_iOSVersionTests.swift in Sources */ = {isa = PBXBuildFile; fileRef = EAA4115E1BD89C4000951F22 /* SimpleCalc_iOSVersionTests.swift */; };
		EAA4116A1BD89C4000951F22 /* SimpleCalc_iOSVersionUITests.swift in Sources */ = {isa = PBXBuildFile; fileRef = EAA411691BD89C4000951F22 /* SimpleCalc_iOSVersionUITests.swift */; };
/* End PBXBuildFile section */

/* Begin PBXContainerItemProxy section */
		EAA4115B1BD89C4000951F22 /* PBXContainerItemProxy */ = {
			isa = PBXContainerItemProxy;
			containerPortal = EAA4113E1BD89C4000951F22 /* Project object */;
			proxyType = 1;
			remoteGlobalIDString = EAA411451BD89C4000951F22;
			remoteInfo = "SimpleCalc-iOSVersion";
		};
		EAA411661BD89C4000951F22 /* PBXContainerItemProxy */ = {
			isa = PBXContainerItemProxy;
			containerPortal = EAA4113E1BD89C4000951F22 /* Project object */;
			proxyType = 1;
			remoteGlobalIDString = EAA411451BD89C4000951F22;
			remoteInfo = "SimpleCalc-iOSVersion";
		};
/* End PBXContainerItemProxy section */

/* Begin PBXFileReference section */
		EAA411461BD89C4000951F22 /* SimpleCalc-iOSVersion.app */ = {isa = PBXFileReference; explicitFileType = wrapper.application; includeInIndex = 0; path = "SimpleCalc-iOSVersion.app"; sourceTree = BUILT_PRODUCTS_DIR; };
		EAA411491BD89C4000951F22 /* AppDelegate.swift */ = {isa = PBXFileReference; lastKnownFileType = sourcecode.swift; path = AppDelegate.swift; sourceTree = "<group>"; };
		EAA4114B1BD89C4000951F22 /* ViewController.swift */ = {isa = PBXFileReference; lastKnownFileType = sourcecode.swift; path = ViewController.swift; sourceTree = "<group>"; };
		EAA4114E1BD89C4000951F22 /* Base */ = {isa = PBXFileReference; lastKnownFileType = file.storyboard; name = Base; path = Base.lproj/Main.storyboard; sourceTree = "<group>"; };
		EAA411501BD89C4000951F22 /* Assets.xcassets */ = {isa = PBXFileReference; lastKnownFileType = folder.assetcatalog; path = Assets.xcassets; sourceTree = "<group>"; };
		EAA411531BD89C4000951F22 /* Base */ = {isa = PBXFileReference; lastKnownFileType = file.storyboard; name = Base; path = Base.lproj/LaunchScreen.storyboard; sourceTree = "<group>"; };
		EAA411551BD89C4000951F22 /* Info.plist */ = {isa = PBXFileReference; lastKnownFileType = text.plist.xml; path = Info.plist; sourceTree = "<group>"; };
		EAA4115A1BD89C4000951F22 /* SimpleCalc-iOSVersionTests.xctest */ = {isa = PBXFileReference; explicitFileType = wrapper.cfbundle; includeInIndex = 0; path = "SimpleCalc-iOSVersionTests.xctest"; sourceTree = BUILT_PRODUCTS_DIR; };
		EAA4115E1BD89C4000951F22 /* SimpleCalc_iOSVersionTests.swift */ = {isa = PBXFileReference; lastKnownFileType = sourcecode.swift; path = SimpleCalc_iOSVersionTests.swift; sourceTree = "<group>"; };
		EAA411601BD89C4000951F22 /* Info.plist */ = {isa = PBXFileReference; lastKnownFileType = text.plist.xml; path = Info.plist; sourceTree = "<group>"; };
		EAA411651BD89C4000951F22 /* SimpleCalc-iOSVersionUITests.xctest */ = {isa = PBXFileReference; explicitFileType = wrapper.cfbundle; includeInIndex = 0; path = "SimpleCalc-iOSVersionUITests.xctest"; sourceTree = BUILT_PRODUCTS_DIR; };
		EAA411691BD89C4000951F22 /* SimpleCalc_iOSVersionUITests.swift */ = {isa = PBXFileReference; lastKnownFileType = sourcecode.swift; path = SimpleCalc_iOSVersionUITests.swift; sourceTree = "<group>"; };
		EAA4116B1BD89C4000951F22 /* Info.plist */ = {isa = PBXFileReference; lastKnownFileType = text.plist.xml; path = Info.plist; sourceTree = "<group>"; };
/* End PBXFileReference section */

/* Begin PBXFrameworksBuildPhase section */
		EAA411431BD89C4000951F22 /* Frameworks */ = {
			isa = PBXFrameworksBuildPhase;
			buildActionMask = 2147483647;
			files = (
			);
			runOnlyForDeploymentPostprocessing = 0;
		};
		EAA411571BD89C4000951F22 /* Frameworks */ = {
			isa = PBXFrameworksBuildPhase;
			buildActionMask = 2147483647;
			files = (
			);
			runOnlyForDeploymentPostprocessing = 0;
		};
		EAA411621BD89C4000951F22 /* Frameworks */ = {
			isa = PBXFrameworksBuildPhase;
			buildActionMask = 2147483647;
			files = (
			);
			runOnlyForDeploymentPostprocessing = 0;
		};
/* End PBXFrameworksBuildPhase section */

/* Begin PBXGroup section */
		EAA4113D1BD89C4000951F22 = {
			isa = PBXGroup;
			children = (
				EAA411481BD89C4000951F22 /* SimpleCalc-iOSVersion */,
				EAA4115D1BD89C4000951F22 /* SimpleCalc-iOSVersionTests */,
				EAA411681BD89C4000951F22 /* SimpleCalc-iOSVersionUITests */,
				EAA411471BD89C4000951F22 /* Products */,
			);
			sourceTree = "<group>";
		};
		EAA411471BD89C4000951F22 /* Products */ = {
			isa = PBXGroup;
			children = (
				EAA411461BD89C4000951F22 /* SimpleCalc-iOSVersion.app */,
				EAA4115A1BD89C4000951F22 /* SimpleCalc-iOSVersionTests.xctest */,
				EAA411651BD89C4000951F22 /* SimpleCalc-iOSVersionUITests.xctest */,
			);
			name = Products;
			sourceTree = "<group>";
		};
		EAA411481BD89C4000951F22 /* SimpleCalc-iOSVersion */ = {
			isa = PBXGroup;
			children = (
				EAA411491BD89C4000951F22 /* AppDelegate.swift */,
				EAA4114B1BD89C4000951F22 /* ViewController.swift */,
				EAA4114D1BD89C4000951F22 /* Main.storyboard */,
				EAA411501BD89C4000951F22 /* Assets.xcassets */,
				EAA411521BD89C4000951F22 /* LaunchScreen.storyboard */,
				EAA411551BD89C4000951F22 /* Info.plist */,
			);
			path = "SimpleCalc-iOSVersion";
			sourceTree = "<group>";
		};
		EAA4115D1BD89C4000951F22 /* SimpleCalc-iOSVersionTests */ = {
			isa = PBXGroup;
			children = (
				EAA4115E1BD89C4000951F22 /* SimpleCalc_iOSVersionTests.swift */,
				EAA411601BD89C4000951F22 /* Info.plist */,
			);
			path = "SimpleCalc-iOSVersionTests";
			sourceTree = "<group>";
		};
		EAA411681BD89C4000951F22 /* SimpleCalc-iOSVersionUITests */ = {
			isa = PBXGroup;
			children = (
				EAA411691BD89C4000951F22 /* SimpleCalc_iOSVersionUITests.swift */,
				EAA4116B1BD89C4000951F22 /* Info.plist */,
			);
			path = "SimpleCalc-iOSVersionUITests";
			sourceTree = "<group>";
		};
/* End PBXGroup section */

/* Begin PBXNativeTarget section */
		EAA411451BD89C4000951F22 /* SimpleCalc-iOSVersion */ = {
			isa = PBXNativeTarget;
			buildConfigurationList = EAA4116E1BD89C4000951F22 /* Build configuration list for PBXNativeTarget "SimpleCalc-iOSVersion" */;
			buildPhases = (
				EAA411421BD89C4000951F22 /* Sources */,
				EAA411431BD89C4000951F22 /* Frameworks */,
				EAA411441BD89C4000951F22 /* Resources */,
			);
			buildRules = (
			);
			dependencies = (
			);
			name = "SimpleCalc-iOSVersion";
			productName = "SimpleCalc-iOSVersion";
			productReference = EAA411461BD89C4000951F22 /* SimpleCalc-iOSVersion.app */;
			productType = "com.apple.product-type.application";
		};
		EAA411591BD89C4000951F22 /* SimpleCalc-iOSVersionTests */ = {
			isa = PBXNativeTarget;
			buildConfigurationList = EAA411711BD89C4000951F22 /* Build configuration list for PBXNativeTarget "SimpleCalc-iOSVersionTests" */;
			buildPhases = (
				EAA411561BD89C4000951F22 /* Sources */,
				EAA411571BD89C4000951F22 /* Frameworks */,
				EAA411581BD89C4000951F22 /* Resources */,
			);
			buildRules = (
			);
			dependencies = (
				EAA4115C1BD89C4000951F22 /* PBXTargetDependency */,
			);
			name = "SimpleCalc-iOSVersionTests";
			productName = "SimpleCalc-iOSVersionTests";
			productReference = EAA4115A1BD89C4000951F22 /* SimpleCalc-iOSVersionTests.xctest */;
			productType = "com.apple.product-type.bundle.unit-test";
		};
		EAA411641BD89C4000951F22 /* SimpleCalc-iOSVersionUITests */ = {
			isa = PBXNativeTarget;
			buildConfigurationList = EAA411741BD89C4000951F22 /* Build configuration list for PBXNativeTarget "SimpleCalc-iOSVersionUITests" */;
			buildPhases = (
				EAA411611BD89C4000951F22 /* Sources */,
				EAA411621BD89C4000951F22 /* Frameworks */,
				EAA411631BD89C4000951F22 /* Resources */,
			);
			buildRules = (
			);
			dependencies = (
				EAA411671BD89C4000951F22 /* PBXTargetDependency */,
			);
			name = "SimpleCalc-iOSVersionUITests";
			productName = "SimpleCalc-iOSVersionUITests";
			productReference = EAA411651BD89C4000951F22 /* SimpleCalc-iOSVersionUITests.xctest */;
			productType = "com.apple.product-type.bundle.ui-testing";
		};
/* End PBXNativeTarget section */

/* Begin PBXProject section */
		EAA4113E1BD89C4000951F22 /* Project object */ = {
			isa = PBXProject;
			attributes = {
				LastUpgradeCheck = 0700;
				ORGANIZATIONNAME = "Yuyang Fan";
				TargetAttributes = {
					EAA411451BD89C4000951F22 = {
						CreatedOnToolsVersion = 7.0.1;
						DevelopmentTeam = 5FV5UMTJFX;
					};
					EAA411591BD89C4000951F22 = {
						CreatedOnToolsVersion = 7.0.1;
						DevelopmentTeam = 5FV5UMTJFX;
						TestTargetID = EAA411451BD89C4000951F22;
					};
					EAA411641BD89C4000951F22 = {
						CreatedOnToolsVersion = 7.0.1;
						DevelopmentTeam = 5FV5UMTJFX;
						TestTargetID = EAA411451BD89C4000951F22;
					};
				};
			};
			buildConfigurationList = EAA411411BD89C4000951F22 /* Build configuration list for PBXProject "SimpleCalc-iOSVersion" */;
			compatibilityVersion = "Xcode 3.2";
			developmentRegion = English;
			hasScannedForEncodings = 0;
			knownRegions = (
				en,
				Base,
			);
			mainGroup = EAA4113D1BD89C4000951F22;
			productRefGroup = EAA411471BD89C4000951F22 /* Products */;
			projectDirPath = "";
			projectRoot = "";
			targets = (
				EAA411451BD89C4000951F22 /* SimpleCalc-iOSVersion */,
				EAA411591BD89C4000951F22 /* SimpleCalc-iOSVersionTests */,
				EAA411641BD89C4000951F22 /* SimpleCalc-iOSVersionUITests */,
			);
		};
/* End PBXProject section */

/* Begin PBXResourcesBuildPhase section */
		EAA411441BD89C4000951F22 /* Resources */ = {
			isa = PBXResourcesBuildPhase;
			buildActionMask = 2147483647;
			files = (
				EAA411541BD89C4000951F22 /* LaunchScreen.storyboard in Resources */,
				EAA411511BD89C4000951F22 /* Assets.xcassets in Resources */,
				EAA4114F1BD89C4000951F22 /* Main.storyboard in Resources */,
			);
			runOnlyForDeploymentPostprocessing = 0;
		};
		EAA411581BD89C4000951F22 /* Resources */ = {
			isa = PBXResourcesBuildPhase;
			buildActionMask = 2147483647;
			files = (
			);
			runOnlyForDeploymentPostprocessing = 0;
		};
		EAA411631BD89C4000951F22 /* Resources */ = {
			isa = PBXResourcesBuildPhase;
			buildActionMask = 2147483647;
			files = (
			);
			runOnlyForDeploymentPostprocessing = 0;
		};
/* End PBXResourcesBuildPhase section */

/* Begin PBXSourcesBuildPhase section */
		EAA411421BD89C4000951F22 /* Sources */ = {
			isa = PBXSourcesBuildPhase;
			buildActionMask = 2147483647;
			files = (
				EAA4114C1BD89C4000951F22 /* ViewController.swift in Sources */,
				EAA4114A1BD89C4000951F22 /* AppDelegate.swift in Sources */,
			);
			runOnlyForDeploymentPostprocessing = 0;
		};
		EAA411561BD89C4000951F22 /* Sources */ = {
			isa = PBXSourcesBuildPhase;
			buildActionMask = 2147483647;
			files = (
				EAA4115F1BD89C4000951F22 /* SimpleCalc_iOSVersionTests.swift in Sources */,
			);
			runOnlyForDeploymentPostprocessing = 0;
		};
		EAA411611BD89C4000951F22 /* Sources */ = {
			isa = PBXSourcesBuildPhase;
			buildActionMask = 2147483647;
			files = (
				EAA4116A1BD89C4000951F22 /* SimpleCalc_iOSVersionUITests.swift in Sources */,
			);
			runOnlyForDeploymentPostprocessing = 0;
		};
/* End PBXSourcesBuildPhase section */

/* Begin PBXTargetDependency section */
		EAA4115C1BD89C4000951F22 /* PBXTargetDependency */ = {
			isa = PBXTargetDependency;
			target = EAA411451BD89C4000951F22 /* SimpleCalc-iOSVersion */;
			targetProxy = EAA4115B1BD89C4000951F22 /* PBXContainerItemProxy */;
		};
		EAA411671BD89C4000951F22 /* PBXTargetDependency */ = {
			isa = PBXTargetDependency;
			target = EAA411451BD89C4000951F22 /* SimpleCalc-iOSVersion */;
			targetProxy = EAA411661BD89C4000951F22 /* PBXContainerItemProxy */;
		};
/* End PBXTargetDependency section */

/* Begin PBXVariantGroup section */
		EAA4114D1BD89C4000951F22 /* Main.storyboard */ = {
			isa = PBXVariantGroup;
			children = (
				EAA4114E1BD89C4000951F22 /* Base */,
			);
			name = Main.storyboard;
			sourceTree = "<group>";
		};
		EAA411521BD89C4000951F22 /* LaunchScreen.storyboard */ = {
			isa = PBXVariantGroup;
			children = (
				EAA411531BD89C4000951F22 /* Base */,
			);
			name = LaunchScreen.storyboard;
			sourceTree = "<group>";
		};
/* End PBXVariantGroup section */

/* Begin XCBuildConfiguration section */
		EAA4116C1BD89C4000951F22 /* Debug */ = {
			isa = XCBuildConfiguration;
			buildSettings = {
				ALWAYS_SEARCH_USER_PATHS = NO;
				CLANG_CXX_LANGUAGE_STANDARD = "gnu++0x";
				CLANG_CXX_LIBRARY = "libc++";
				CLANG_ENABLE_MODULES = YES;
				CLANG_ENABLE_OBJC_ARC = YES;
				CLANG_WARN_BOOL_CONVERSION = YES;
				CLANG_WARN_CONSTANT_CONVERSION = YES;
				CLANG_WARN_DIRECT_OBJC_ISA_USAGE = YES_ERROR;
				CLANG_WARN_EMPTY_BODY = YES;
				CLANG_WARN_ENUM_CONVERSION = YES;
				CLANG_WARN_INT_CONVERSION = YES;
				CLANG_WARN_OBJC_ROOT_CLASS = YES_ERROR;
				CLANG_WARN_UNREACHABLE_CODE = YES;
				CLANG_WARN__DUPLICATE_METHOD_MATCH = YES;
				"CODE_SIGN_IDENTITY[sdk=iphoneos*]" = "iPhone Developer";
				COPY_PHASE_STRIP = NO;
				DEBUG_INFORMATION_FORMAT = dwarf;
				ENABLE_STRICT_OBJC_MSGSEND = YES;
				ENABLE_TESTABILITY = YES;
				GCC_C_LANGUAGE_STANDARD = gnu99;
				GCC_DYNAMIC_NO_PIC = NO;
				GCC_NO_COMMON_BLOCKS = YES;
				GCC_OPTIMIZATION_LEVEL = 0;
				GCC_PREPROCESSOR_DEFINITIONS = (
					"DEBUG=1",
					"$(inherited)",
				);
				GCC_WARN_64_TO_32_BIT_CONVERSION = YES;
				GCC_WARN_ABOUT_RETURN_TYPE = YES_ERROR;
				GCC_WARN_UNDECLARED_SELECTOR = YES;
				GCC_WARN_UNINITIALIZED_AUTOS = YES_AGGRESSIVE;
				GCC_WARN_UNUSED_FUNCTION = YES;
				GCC_WARN_UNUSED_VARIABLE = YES;
				IPHONEOS_DEPLOYMENT_TARGET = 9.0;
				MTL_ENABLE_DEBUG_INFO = YES;
				ONLY_ACTIVE_ARCH = YES;
				SDKROOT = iphoneos;
				SWIFT_OPTIMIZATION_LEVEL = "-Onone";
			};
			name = Debug;
		};
		EAA4116D1BD89C4000951F22 /* Release */ = {
			isa = XCBuildConfiguration;
			buildSettings = {
				ALWAYS_SEARCH_USER_PATHS = NO;
				CLANG_CXX_LANGUAGE_STANDARD = "gnu++0x";
				CLANG_CXX_LIBRARY = "libc++";
				CLANG_ENABLE_MODULES = YES;
				CLANG_ENABLE_OBJC_ARC = YES;
				CLANG_WARN_BOOL_CONVERSION = YES;
				CLANG_WARN_CONSTANT_CONVERSION = YES;
				CLANG_WARN_DIRECT_OBJC_ISA_USAGE = YES_ERROR;
				CLANG_WARN_EMPTY_BODY = YES;
				CLANG_WARN_ENUM_CONVERSION = YES;
				CLANG_WARN_INT_CONVERSION = YES;
				CLANG_WARN_OBJC_ROOT_CLASS = YES_ERROR;
				CLANG_WARN_UNREACHABLE_CODE = YES;
				CLANG_WARN__DUPLICATE_METHOD_MATCH = YES;
				"CODE_SIGN_IDENTITY[sdk=iphoneos*]" = "iPhone Developer";
				COPY_PHASE_STRIP = NO;
				DEBUG_INFORMATION_FORMAT = "dwarf-with-dsym";
				ENABLE_NS_ASSERTIONS = NO;
				ENABLE_STRICT_OBJC_MSGSEND = YES;
				GCC_C_LANGUAGE_STANDARD = gnu99;
				GCC_NO_COMMON_BLOCKS = YES;
				GCC_WARN_64_TO_32_BIT_CONVERSION = YES;
				GCC_WARN_ABOUT_RETURN_TYPE = YES_ERROR;
				GCC_WARN_UNDECLARED_SELECTOR = YES;
				GCC_WARN_UNINITIALIZED_AUTOS = YES_AGGRESSIVE;
				GCC_WARN_UNUSED_FUNCTION = YES;
				GCC_WARN_UNUSED_VARIABLE = YES;
				IPHONEOS_DEPLOYMENT_TARGET = 9.0;
				MTL_ENABLE_DEBUG_INFO = NO;
				SDKROOT = iphoneos;
				VALIDATE_PRODUCT = YES;
			};
			name = Release;
		};
		EAA4116F1BD89C4000951F22 /* Debug */ = {
			isa = XCBuildConfiguration;
			buildSettings = {
				ASSETCATALOG_COMPILER_APPICON_NAME = AppIcon;
				INFOPLIST_FILE = "SimpleCalc-iOSVersion/Info.plist";
				LD_RUNPATH_SEARCH_PATHS = "$(inherited) @executable_path/Frameworks";
				PRODUCT_BUNDLE_IDENTIFIER = "edu.uw.yf8.SimpleCalc-iOSVersion";
				PRODUCT_NAME = "$(TARGET_NAME)";
			};
			name = Debug;
		};
		EAA411701BD89C4000951F22 /* Release */ = {
			isa = XCBuildConfiguration;
			buildSettings = {
				ASSETCATALOG_COMPILER_APPICON_NAME = AppIcon;
				INFOPLIST_FILE = "SimpleCalc-iOSVersion/Info.plist";
				LD_RUNPATH_SEARCH_PATHS = "$(inherited) @executable_path/Frameworks";
				PRODUCT_BUNDLE_IDENTIFIER = "edu.uw.yf8.SimpleCalc-iOSVersion";
				PRODUCT_NAME = "$(TARGET_NAME)";
			};
			name = Release;
		};
		EAA411721BD89C4000951F22 /* Debug */ = {
			isa = XCBuildConfiguration;
			buildSettings = {
				BUNDLE_LOADER = "$(TEST_HOST)";
				INFOPLIST_FILE = "SimpleCalc-iOSVersionTests/Info.plist";
				LD_RUNPATH_SEARCH_PATHS = "$(inherited) @executable_path/Frameworks @loader_path/Frameworks";
				PRODUCT_BUNDLE_IDENTIFIER = "edu.uw.yf8.SimpleCalc-iOSVersionTests";
				PRODUCT_NAME = "$(TARGET_NAME)";
				TEST_HOST = "$(BUILT_PRODUCTS_DIR)/SimpleCalc-iOSVersion.app/SimpleCalc-iOSVersion";
			};
			name = Debug;
		};
		EAA411731BD89C4000951F22 /* Release */ = {
			isa = XCBuildConfiguration;
			buildSettings = {
				BUNDLE_LOADER = "$(TEST_HOST)";
				INFOPLIST_FILE = "SimpleCalc-iOSVersionTests/Info.plist";
				LD_RUNPATH_SEARCH_PATHS = "$(inherited) @executable_path/Frameworks @loader_path/Frameworks";
				PRODUCT_BUNDLE_IDENTIFIER = "edu.uw.yf8.SimpleCalc-iOSVersionTests";
				PRODUCT_NAME = "$(TARGET_NAME)";
				TEST_HOST = "$(BUILT_PRODUCTS_DIR)/SimpleCalc-iOSVersion.app/SimpleCalc-iOSVersion";
			};
			name = Release;
		};
		EAA411751BD89C4000951F22 /* Debug */ = {
			isa = XCBuildConfiguration;
			buildSettings = {
				INFOPLIST_FILE = "SimpleCalc-iOSVersionUITests/Info.plist";
				LD_RUNPATH_SEARCH_PATHS = "$(inherited) @executable_path/Frameworks @loader_path/Frameworks";
				PRODUCT_BUNDLE_IDENTIFIER = "edu.uw.yf8.SimpleCalc-iOSVersionUITests";
				PRODUCT_NAME = "$(TARGET_NAME)";
				TEST_TARGET_NAME = "SimpleCalc-iOSVersion";
				USES_XCTRUNNER = YES;
			};
			name = Debug;
		};
		EAA411761BD89C4000951F22 /* Release */ = {
			isa = XCBuildConfiguration;
			buildSettings = {
				INFOPLIST_FILE = "SimpleCalc-iOSVersionUITests/Info.plist";
				LD_RUNPATH_SEARCH_PATHS = "$(inherited) @executable_path/Frameworks @loader_path/Frameworks";
				PRODUCT_BUNDLE_IDENTIFIER = "edu.uw.yf8.SimpleCalc-iOSVersionUITests";
				PRODUCT_NAME = "$(TARGET_NAME)";
				TEST_TARGET_NAME = "SimpleCalc-iOSVersion";
				USES_XCTRUNNER = YES;
			};
			name = Release;
		};
/* End XCBuildConfiguration section */

/* Begin XCConfigurationList section */
		EAA411411BD89C4000951F22 /* Build configuration list for PBXProject "SimpleCalc-iOSVersion" */ = {
			isa = XCConfigurationList;
			buildConfigurations = (
				EAA4116C1BD89C4000951F22 /* Debug */,
				EAA4116D1BD89C4000951F22 /* Release */,
			);
			defaultConfigurationIsVisible = 0;
			defaultConfigurationName = Release;
		};
		EAA4116E1BD89C4000951F22 /* Build configuration list for PBXNativeTarget "SimpleCalc-iOSVersion" */ = {
			isa = XCConfigurationList;
			buildConfigurations = (
				EAA4116F1BD89C4000951F22 /* Debug */,
				EAA411701BD89C4000951F22 /* Release */,
			);
			defaultConfigurationIsVisible = 0;
		};
		EAA411711BD89C4000951F22 /* Build configuration list for PBXNativeTarget "SimpleCalc-iOSVersionTests" */ = {
			isa = XCConfigurationList;
			buildConfigurations = (
				EAA411721BD89C4000951F22 /* Debug */,
				EAA411731BD89C4000951F22 /* Release */,
			);
			defaultConfigurationIsVisible = 0;
		};
		EAA411741BD89C4000951F22 /* Build configuration list for PBXNativeTarget "SimpleCalc-iOSVersionUITests" */ = {
			isa = XCConfigurationList;
			buildConfigurations = (
				EAA411751BD89C4000951F22 /* Debug */,
				EAA411761BD89C4000951F22 /* Release */,
			);
			defaultConfigurationIsVisible = 0;
		};
/* End XCConfigurationList section */
	};
	rootObject = EAA4113E1BD89C4000951F22 /* Project object */;
}
